// !$*UTF8*$!
{
	archiveVersion = 1;
	classes = {
	};
	objectVersion = 77;
	objects = {

/* Begin PBXBuildFile section */
		D3BA958B2D9D753400FAF4A2 /* SMBKeepAppEx.appex in Embed ExtensionKit Extensions */ = {isa = PBXBuildFile; fileRef = D3BA95812D9D753400FAF4A2 /* SMBKeepAppEx.appex */; settings = {ATTRIBUTES = (RemoveHeadersOnCopy, ); }; };
		D3BA95932D9D754E00FAF4A2 /* FSKit.framework in Frameworks */ = {isa = PBXBuildFile; fileRef = D3BA95922D9D754E00FAF4A2 /* FSKit.framework */; };
		SMB2PKG00012D9D760000FAF4A2 /* libsmb2 in Frameworks */ = {isa = PBXBuildFile; productRef = SMB2PKG00022D9D760000FAF4A2 /* libsmb2 */; };
/* End PBXBuildFile section */

/* Begin PBXContainerItemProxy section */
		D3BA95892D9D753400FAF4A2 /* PBXContainerItemProxy */ = {
			isa = PBXContainerItemProxy;
			containerPortal = D3BA95662D9D74FC00FAF4A2 /* Project object */;
			proxyType = 1;
			remoteGlobalIDString = D3BA95802D9D753400FAF4A2;
			remoteInfo = appex;
		};
/* End PBXContainerItemProxy section */

/* Begin PBXCopyFilesBuildPhase section */
		D3BA95902D9D753400FAF4A2 /* Embed ExtensionKit Extensions */ = {
			isa = PBXCopyFilesBuildPhase;
			buildActionMask = 2147483647;
			dstPath = "$(EXTENSIONS_FOLDER_PATH)";
			dstSubfolderSpec = 16;
			files = (
				D3BA958B2D9D753400FAF4A2 /* SMBKeepAppEx.appex in Embed ExtensionKit Extensions */,
			);
			name = "Embed ExtensionKit Extensions";
			runOnlyForDeploymentPostprocessing = 0;
		};
/* End PBXCopyFilesBuildPhase section */

/* Begin PBXFileReference section */
		00B0E1AF6A384C132E16037B /* README.md */ = {isa = PBXFileReference; lastKnownFileType = net.daringfireball.markdown; path = README.md; sourceTree = "<group>"; };
		5BABA0E0E129553F626097AC /* SampleCode.xcconfig */ = {isa = PBXFileReference; lastKnownFileType = text.xcconfig; name = SampleCode.xcconfig; path = Configuration/SampleCode.xcconfig; sourceTree = "<group>"; };
		D3BA956E2D9D74FC00FAF4A2 /* SMBKeep.app */ = {isa = PBXFileReference; explicitFileType = wrapper.application; includeInIndex = 0; path = SMBKeep.app; sourceTree = BUILT_PRODUCTS_DIR; };
		D3BA95812D9D753400FAF4A2 /* SMBKeepAppEx.appex */ = {isa = PBXFileReference; explicitFileType = "wrapper.extensionkit-extension"; includeInIndex = 0; path = SMBKeepAppEx.appex; sourceTree = BUILT_PRODUCTS_DIR; };
		D3BA95922D9D754E00FAF4A2 /* FSKit.framework */ = {isa = PBXFileReference; lastKnownFileType = wrapper.framework; name = FSKit.framework; path = System/Library/Frameworks/FSKit.framework; sourceTree = SDKROOT; };
		D6F6ABACB66D801BACAE8B33 /* LICENSE.txt */ = {isa = PBXFileReference; includeInIndex = 1; lastKnownFileType = text; path = LICENSE.txt; sourceTree = "<group>"; };
/* End PBXFileReference section */

/* Begin PBXFileSystemSynchronizedBuildFileExceptionSet section */
		7700F1BE2FD3C9C400BC911F /* Exceptions for "SMBKeep" folder in "SMBKeep" target */ = {
			isa = PBXFileSystemSynchronizedBuildFileExceptionSet;
			membershipExceptions = (
				Info.plist,
			);
			target = D3BA956D2D9D74FC00FAF4A2 /* SMBKeep */;
		};
		D3BA958C2D9D753400FAF4A2 /* Exceptions for "SMBKeepAppEx" folder in "SMBKeepAppEx" target */ = {
			isa = PBXFileSystemSynchronizedBuildFileExceptionSet;
			membershipExceptions = (
				Info.plist,
			);
			target = D3BA95802D9D753400FAF4A2 /* SMBKeepAppEx */;
		};
/* End PBXFileSystemSynchronizedBuildFileExceptionSet section */

/* Begin PBXFileSystemSynchronizedRootGroup section */
		D3BA95702D9D74FC00FAF4A2 /* SMBKeep */ = {
			isa = PBXFileSystemSynchronizedRootGroup;
			exceptions = (
				7700F1BE2FD3C9C400BC911F /* Exceptions for "SMBKeep" folder in "SMBKeep" target */,
			);
			path = SMBKeep;
			sourceTree = "<group>";
		};
		D3BA95822D9D753400FAF4A2 /* SMBKeepAppEx */ = {
			isa = PBXFileSystemSynchronizedRootGroup;
			exceptions = (
				D3BA958C2D9D753400FAF4A2 /* Exceptions for "SMBKeepAppEx" folder in "SMBKeepAppEx" target */,
			);
			path = SMBKeepAppEx;
			sourceTree = "<group>";
		};
/* End PBXFileSystemSynchronizedRootGroup section */

/* Begin PBXFrameworksBuildPhase section */
		D3BA956B2D9D74FC00FAF4A2 /* Frameworks */ = {
			isa = PBXFrameworksBuildPhase;
			buildActionMask = 2147483647;
			files = (
			);
			runOnlyForDeploymentPostprocessing = 0;
		};
		D3BA957E2D9D753400FAF4A2 /* Frameworks */ = {
			isa = PBXFrameworksBuildPhase;
			buildActionMask = 2147483647;
			files = (
				SMB2PKG00012D9D760000FAF4A2 /* libsmb2 in Frameworks */,
				D3BA95932D9D754E00FAF4A2 /* FSKit.framework in Frameworks */,
			);
			runOnlyForDeploymentPostprocessing = 0;
		};
/* End PBXFrameworksBuildPhase section */

/* Begin PBXGroup section */
		18E16B002D6BA8B1C6A8F409 /* Configuration */ = {
			isa = PBXGroup;
			children = (
				5BABA0E0E129553F626097AC /* SampleCode.xcconfig */,
			);
			name = Configuration;
			sourceTree = "<group>";
		};
		D3BA95652D9D74FC00FAF4A2 = {
			isa = PBXGroup;
			children = (
				00B0E1AF6A384C132E16037B /* README.md */,
				D3BA95702D9D74FC00FAF4A2 /* SMBKeep */,
				D3BA95822D9D753400FAF4A2 /* SMBKeepAppEx */,
				D3BA95912D9D754E00FAF4A2 /* Frameworks */,
				D3BA956F2D9D74FC00FAF4A2 /* Products */,
				18E16B002D6BA8B1C6A8F409 /* Configuration */,
				DD33ECF39CC0EC7CAE4523D0 /* LICENSE */,
			);
			sourceTree = "<group>";
		};
		D3BA956F2D9D74FC00FAF4A2 /* Products */ = {
			isa = PBXGroup;
			children = (
				D3BA956E2D9D74FC00FAF4A2 /* SMBKeep.app */,
				D3BA95812D9D753400FAF4A2 /* SMBKeepAppEx.appex */,
			);
			name = Products;
			sourceTree = "<group>";
		};
		D3BA95912D9D754E00FAF4A2 /* Frameworks */ = {
			isa = PBXGroup;
			children = (
				D3BA95922D9D754E00FAF4A2 /* FSKit.framework */,
			);
			name = Frameworks;
			sourceTree = "<group>";
		};
		DD33ECF39CC0EC7CAE4523D0 /* LICENSE */ = {
			isa = PBXGroup;
			children = (
				D6F6ABACB66D801BACAE8B33 /* LICENSE.txt */,
			);
			name = LICENSE;
			path = .;
			sourceTree = "<group>";
		};
/* End PBXGroup section */

/* Begin PBXNativeTarget section */
		D3BA956D2D9D74FC00FAF4A2 /* SMBKeep */ = {
			isa = PBXNativeTarget;
			buildConfigurationList = D3BA957A2D9D74FD00FAF4A2 /* Build configuration list for PBXNativeTarget "SMBKeep" */;
			buildPhases = (
				D3BA956A2D9D74FC00FAF4A2 /* Sources */,
				D3BA956B2D9D74FC00FAF4A2 /* Frameworks */,
				D3BA956C2D9D74FC00FAF4A2 /* Resources */,
				D3BA95902D9D753400FAF4A2 /* Embed ExtensionKit Extensions */,
			);
			buildRules = (
			);
			dependencies = (
				D3BA958A2D9D753400FAF4A2 /* PBXTargetDependency */,
			);
			fileSystemSynchronizedGroups = (
				D3BA95702D9D74FC00FAF4A2 /* SMBKeep */,
			);
			name = SMBKeep;
			productName = SMBKeep;
			productReference = D3BA956E2D9D74FC00FAF4A2 /* SMBKeep.app */;
			productType = "com.apple.product-type.application";
		};
		D3BA95802D9D753400FAF4A2 /* SMBKeepAppEx */ = {
			isa = PBXNativeTarget;
			buildConfigurationList = D3BA958D2D9D753400FAF4A2 /* Build configuration list for PBXNativeTarget "SMBKeepAppEx" */;
			buildPhases = (
				D3BA957D2D9D753400FAF4A2 /* Sources */,
				D3BA957E2D9D753400FAF4A2 /* Frameworks */,
				D3BA957F2D9D753400FAF4A2 /* Resources */,
			);
			buildRules = (
			);
			dependencies = (
			);
			fileSystemSynchronizedGroups = (
				D3BA95822D9D753400FAF4A2 /* SMBKeepAppEx */,
			);
			name = SMBKeepAppEx;
			packageProductDependencies = (
				SMB2PKG00022D9D760000FAF4A2 /* libsmb2 */,
			);
			productName = appex;
			productReference = D3BA95812D9D753400FAF4A2 /* SMBKeepAppEx.appex */;
			productType = "com.apple.product-type.extensionkit-extension";
		};
/* End PBXNativeTarget section */

/* Begin PBXProject section */
		D3BA95662D9D74FC00FAF4A2 /* Project object */ = {
			isa = PBXProject;
			attributes = {
				BuildIndependentTargetsInParallel = 1;
				LastSwiftUpdateCheck = 1630;
				LastUpgradeCheck = 1630;
				ORGANIZATIONNAME = Apple;
				TargetAttributes = {
					D3BA956D2D9D74FC00FAF4A2 = {
						CreatedOnToolsVersion = 16.3;
					};
					D3BA95802D9D753400FAF4A2 = {
						CreatedOnToolsVersion = 16.3;
					};
				};
			};
			buildConfigurationList = D3BA95692D9D74FC00FAF4A2 /* Build configuration list for PBXProject "SMBKeep" */;
			developmentRegion = en;
			hasScannedForEncodings = 0;
			knownRegions = (
				en,
				Base,
			);
			mainGroup = D3BA95652D9D74FC00FAF4A2;
			packageReferences = (
				SMB2PKG00032D9D760000FAF4A2 /* XCLocalSwiftPackageReference ".deps/AMSMB2" */,
			);
			preferredProjectObjectVersion = 77;
			productRefGroup = D3BA956F2D9D74FC00FAF4A2 /* Products */;
			projectDirPath = "";
			projectRoot = "";
			targets = (
				D3BA956D2D9D74FC00FAF4A2 /* SMBKeep */,
				D3BA95802D9D753400FAF4A2 /* SMBKeepAppEx */,
			);
		};
/* End PBXProject section */

/* Begin PBXResourcesBuildPhase section */
		D3BA956C2D9D74FC00FAF4A2 /* Resources */ = {
			isa = PBXResourcesBuildPhase;
			buildActionMask = 2147483647;
			files = (
			);
			runOnlyForDeploymentPostprocessing = 0;
		};
		D3BA957F2D9D753400FAF4A2 /* Resources */ = {
			isa = PBXResourcesBuildPhase;
			buildActionMask = 2147483647;
			files = (
			);
			runOnlyForDeploymentPostprocessing = 0;
		};
/* End PBXResourcesBuildPhase section */

/* Begin PBXSourcesBuildPhase section */
		D3BA956A2D9D74FC00FAF4A2 /* Sources */ = {
			isa = PBXSourcesBuildPhase;
			buildActionMask = 2147483647;
			files = (
			);
			runOnlyForDeploymentPostprocessing = 0;
		};
		D3BA957D2D9D753400FAF4A2 /* Sources */ = {
			isa = PBXSourcesBuildPhase;
			buildActionMask = 2147483647;
			files = (
			);
			runOnlyForDeploymentPostprocessing = 0;
		};
/* End PBXSourcesBuildPhase section */

/* Begin PBXTargetDependency section */
		D3BA958A2D9D753400FAF4A2 /* PBXTargetDependency */ = {
			isa = PBXTargetDependency;
			target = D3BA95802D9D753400FAF4A2 /* SMBKeepAppEx */;
			targetProxy = D3BA95892D9D753400FAF4A2 /* PBXContainerItemProxy */;
		};
/* End PBXTargetDependency section */

/* Begin XCBuildConfiguration section */
		D3BA95782D9D74FD00FAF4A2 /* Debug */ = {
			isa = XCBuildConfiguration;
			baseConfigurationReference = 5BABA0E0E129553F626097AC /* SampleCode.xcconfig */;
			buildSettings = {
				ALWAYS_SEARCH_USER_PATHS = NO;
				ASSETCATALOG_COMPILER_GENERATE_SWIFT_ASSET_SYMBOL_EXTENSIONS = YES;
				CLANG_ANALYZER_NONNULL = YES;
				CLANG_ANALYZER_NUMBER_OBJECT_CONVERSION = YES_AGGRESSIVE;
				CLANG_CXX_LANGUAGE_STANDARD = "gnu++20";
				CLANG_ENABLE_MODULES = YES;
				CLANG_ENABLE_OBJC_ARC = YES;
				CLANG_ENABLE_OBJC_WEAK = YES;
				CLANG_WARN_BLOCK_CAPTURE_AUTORELEASING = YES;
				CLANG_WARN_BOOL_CONVERSION = YES;
				CLANG_WARN_COMMA = YES;
				CLANG_WARN_CONSTANT_CONVERSION = YES;
				CLANG_WARN_DEPRECATED_OBJC_IMPLEMENTATIONS = YES;
				CLANG_WARN_DIRECT_OBJC_ISA_USAGE = YES_ERROR;
				CLANG_WARN_DOCUMENTATION_COMMENTS = YES;
				CLANG_WARN_EMPTY_BODY = YES;
				CLANG_WARN_ENUM_CONVERSION = YES;
				CLANG_WARN_INFINITE_RECURSION = YES;
				CLANG_WARN_INT_CONVERSION = YES;
				CLANG_WARN_NON_LITERAL_NULL_CONVERSION = YES;
				CLANG_WARN_OBJC_IMPLICIT_RETAIN_SELF = YES;
				CLANG_WARN_OBJC_LITERAL_CONVERSION = YES;
				CLANG_WARN_OBJC_ROOT_CLASS = YES_ERROR;
				CLANG_WARN_QUOTED_INCLUDE_IN_FRAMEWORK_HEADER = YES;
				CLANG_WARN_RANGE_LOOP_ANALYSIS = YES;
				CLANG_WARN_STRICT_PROTOTYPES = YES;
				CLANG_WARN_SUSPICIOUS_MOVE = YES;
				CLANG_WARN_UNGUARDED_AVAILABILITY = YES_AGGRESSIVE;
				CLANG_WARN_UNREACHABLE_CODE = YES;
				CLANG_WARN__DUPLICATE_METHOD_MATCH = YES;
				COPY_PHASE_STRIP = NO;
				DEBUG_INFORMATION_FORMAT = dwarf;
				ENABLE_STRICT_OBJC_MSGSEND = YES;
				ENABLE_TESTABILITY = YES;
				ENABLE_USER_SCRIPT_SANDBOXING = YES;
				GCC_C_LANGUAGE_STANDARD = gnu17;
				GCC_DYNAMIC_NO_PIC = NO;
				GCC_NO_COMMON_BLOCKS = YES;
				GCC_OPTIMIZATION_LEVEL = 0;
				GCC_PREPROCESSOR_DEFINITIONS = (
					"DEBUG=1",
					"$(inherited)",
				);
				GCC_WARN_64_TO_32_BIT_CONVERSION = YES;
				GCC_WARN_ABOUT_RETURN_TYPE = YES_ERROR;
				GCC_WARN_UNDECLARED_SELECTOR = YES;
				GCC_WARN_UNINITIALIZED_AUTOS = YES_AGGRESSIVE;
				GCC_WARN_UNUSED_FUNCTION = YES;
				GCC_WARN_UNUSED_VARIABLE = YES;
				LOCALIZATION_PREFERS_STRING_CATALOGS = YES;
				MACOSX_DEPLOYMENT_TARGET = 15.4;
				MTL_ENABLE_DEBUG_INFO = INCLUDE_SOURCE;
				MTL_FAST_MATH = YES;
				ONLY_ACTIVE_ARCH = YES;
				SDKROOT = macosx;
				SWIFT_ACTIVE_COMPILATION_CONDITIONS = "DEBUG $(inherited)";
				SWIFT_OPTIMIZATION_LEVEL = "-Onone";
			};
			name = Debug;
		};
		D3BA95792D9D74FD00FAF4A2 /* Release */ = {
			isa = XCBuildConfiguration;
			baseConfigurationReference = 5BABA0E0E129553F626097AC /* SampleCode.xcconfig */;
			buildSettings = {
				ALWAYS_SEARCH_USER_PATHS = NO;
				ASSETCATALOG_COMPILER_GENERATE_SWIFT_ASSET_SYMBOL_EXTENSIONS = YES;
				CLANG_ANALYZER_NONNULL = YES;
				CLANG_ANALYZER_NUMBER_OBJECT_CONVERSION = YES_AGGRESSIVE;
				CLANG_CXX_LANGUAGE_STANDARD = "gnu++20";
				CLANG_ENABLE_MODULES = YES;
				CLANG_ENABLE_OBJC_ARC = YES;
				CLANG_ENABLE_OBJC_WEAK = YES;
				CLANG_WARN_BLOCK_CAPTURE_AUTORELEASING = YES;
				CLANG_WARN_BOOL_CONVERSION = YES;
				CLANG_WARN_COMMA = YES;
				CLANG_WARN_CONSTANT_CONVERSION = YES;
				CLANG_WARN_DEPRECATED_OBJC_IMPLEMENTATIONS = YES;
				CLANG_WARN_DIRECT_OBJC_ISA_USAGE = YES_ERROR;
				CLANG_WARN_DOCUMENTATION_COMMENTS = YES;
				CLANG_WARN_EMPTY_BODY = YES;
				CLANG_WARN_ENUM_CONVERSION = YES;
				CLANG_WARN_INFINITE_RECURSION = YES;
				CLANG_WARN_INT_CONVERSION = YES;
				CLANG_WARN_NON_LITERAL_NULL_CONVERSION = YES;
				CLANG_WARN_OBJC_IMPLICIT_RETAIN_SELF = YES;
				CLANG_WARN_OBJC_LITERAL_CONVERSION = YES;
				CLANG_WARN_OBJC_ROOT_CLASS = YES_ERROR;
				CLANG_WARN_QUOTED_INCLUDE_IN_FRAMEWORK_HEADER = YES;
				CLANG_WARN_RANGE_LOOP_ANALYSIS = YES;
				CLANG_WARN_STRICT_PROTOTYPES = YES;
				CLANG_WARN_SUSPICIOUS_MOVE = YES;
				CLANG_WARN_UNGUARDED_AVAILABILITY = YES_AGGRESSIVE;
				CLANG_WARN_UNREACHABLE_CODE = YES;
				CLANG_WARN__DUPLICATE_METHOD_MATCH = YES;
				COPY_PHASE_STRIP = NO;
				DEBUG_INFORMATION_FORMAT = "dwarf-with-dsym";
				ENABLE_NS_ASSERTIONS = NO;
				ENABLE_STRICT_OBJC_MSGSEND = YES;
				ENABLE_USER_SCRIPT_SANDBOXING = YES;
				GCC_C_LANGUAGE_STANDARD = gnu17;
				GCC_NO_COMMON_BLOCKS = YES;
				GCC_WARN_64_TO_32_BIT_CONVERSION = YES;
				GCC_WARN_ABOUT_RETURN_TYPE = YES_ERROR;
				GCC_WARN_UNDECLARED_SELECTOR = YES;
				GCC_WARN_UNINITIALIZED_AUTOS = YES_AGGRESSIVE;
				GCC_WARN_UNUSED_FUNCTION = YES;
				GCC_WARN_UNUSED_VARIABLE = YES;
				LOCALIZATION_PREFERS_STRING_CATALOGS = YES;
				MACOSX_DEPLOYMENT_TARGET = 15.4;
				MTL_ENABLE_DEBUG_INFO = NO;
				MTL_FAST_MATH = YES;
				SDKROOT = macosx;
				SWIFT_COMPILATION_MODE = wholemodule;
			};
			name = Release;
		};
		D3BA957B2D9D74FD00FAF4A2 /* Debug */ = {
			isa = XCBuildConfiguration;
			baseConfigurationReference = 5BABA0E0E129553F626097AC /* SampleCode.xcconfig */;
			buildSettings = {
				ASSETCATALOG_COMPILER_APPICON_NAME = AppIcon;
				ASSETCATALOG_COMPILER_GLOBAL_ACCENT_COLOR_NAME = AccentColor;
				CODE_SIGN_ENTITLEMENTS = SMBKeep/SMBKeep.entitlements;
				CODE_SIGN_IDENTITY = "Mac Developer";
				"CODE_SIGN_IDENTITY[sdk=macosx*]" = "Apple Development";
				CODE_SIGN_STYLE = Automatic;
				COMBINE_HIDPI_IMAGES = YES;
				CURRENT_PROJECT_VERSION = 1;
				DEVELOPMENT_TEAM = LD9DHUY7M9;
				ENABLE_PREVIEWS = YES;
				ENABLE_USER_SCRIPT_SANDBOXING = YES;
				GENERATE_INFOPLIST_FILE = YES;
				INFOPLIST_FILE = SMBKeep/Info.plist;
				INFOPLIST_KEY_NSHumanReadableCopyright = "";
				LD_RUNPATH_SEARCH_PATHS = (
					"$(inherited)",
					"@executable_path/../Frameworks",
				);
				MACOSX_DEPLOYMENT_TARGET = 26.0;
				MARKETING_VERSION = 1.0;
				PRODUCT_BUNDLE_IDENTIFIER = "com.example.apple-samplecode.SMBKeep${SAMPLE_CODE_DISAMBIGUATOR}";
				PRODUCT_NAME = "$(TARGET_NAME)";
				PROVISIONING_PROFILE_SPECIFIER = "";
				SWIFT_EMIT_LOC_STRINGS = YES;
				SWIFT_VERSION = 5.0;
			};
			name = Debug;
		};
		D3BA957C2D9D74FD00FAF4A2 /* Release */ = {
			isa = XCBuildConfiguration;
			baseConfigurationReference = 5BABA0E0E129553F626097AC /* SampleCode.xcconfig */;
			buildSettings = {
				ASSETCATALOG_COMPILER_APPICON_NAME = AppIcon;
				ASSETCATALOG_COMPILER_GLOBAL_ACCENT_COLOR_NAME = AccentColor;
				CODE_SIGN_ENTITLEMENTS = SMBKeep/SMBKeep.entitlements;
				CODE_SIGN_IDENTITY = "Mac Developer";
				"CODE_SIGN_IDENTITY[sdk=macosx*]" = "Apple Development";
				CODE_SIGN_STYLE = Automatic;
				COMBINE_HIDPI_IMAGES = YES;
				CURRENT_PROJECT_VERSION = 1;
				DEVELOPMENT_TEAM = LD9DHUY7M9;
				ENABLE_PREVIEWS = YES;
				ENABLE_USER_SCRIPT_SANDBOXING = YES;
				GENERATE_INFOPLIST_FILE = YES;
				INFOPLIST_FILE = SMBKeep/Info.plist;
				INFOPLIST_KEY_NSHumanReadableCopyright = "";
				LD_RUNPATH_SEARCH_PATHS = (
					"$(inherited)",
					"@executable_path/../Frameworks",
				);
				MACOSX_DEPLOYMENT_TARGET = 26.0;
				MARKETING_VERSION = 1.0;
				PRODUCT_BUNDLE_IDENTIFIER = "com.example.apple-samplecode.SMBKeep${SAMPLE_CODE_DISAMBIGUATOR}";
				PRODUCT_NAME = "$(TARGET_NAME)";
				PROVISIONING_PROFILE_SPECIFIER = "";
				SWIFT_EMIT_LOC_STRINGS = YES;
				SWIFT_VERSION = 5.0;
			};
			name = Release;
		};
		D3BA958E2D9D753400FAF4A2 /* Debug */ = {
			isa = XCBuildConfiguration;
			baseConfigurationReference = 5BABA0E0E129553F626097AC /* SampleCode.xcconfig */;
			buildSettings = {
				CODE_SIGN_ENTITLEMENTS = SMBKeepAppEx/SMBKeepAppEx.entitlements;
				CODE_SIGN_IDENTITY = "Mac Developer";
				CODE_SIGN_STYLE = Automatic;
				CURRENT_PROJECT_VERSION = 1;
				DEVELOPMENT_TEAM = LD9DHUY7M9;
				ENABLE_USER_SCRIPT_SANDBOXING = YES;
				GENERATE_INFOPLIST_FILE = YES;
				INFOPLIST_FILE = SMBKeepAppEx/Info.plist;
				INFOPLIST_KEY_CFBundleDisplayName = "SMBKeep file system";
				INFOPLIST_KEY_NSHumanReadableCopyright = "";
				LD_RUNPATH_SEARCH_PATHS = (
					"$(inherited)",
					"@executable_path/../Frameworks",
					"@executable_path/../../../../Frameworks",
				);
				MACOSX_DEPLOYMENT_TARGET = 26.0;
				MARKETING_VERSION = 1.0;
				PRODUCT_BUNDLE_IDENTIFIER = "com.example.apple-samplecode.SMBKeep${SAMPLE_CODE_DISAMBIGUATOR}.AppEx";
				PRODUCT_NAME = "$(TARGET_NAME)";
				PROVISIONING_PROFILE_SPECIFIER = "";
				SKIP_INSTALL = YES;
				SWIFT_EMIT_LOC_STRINGS = YES;
				SWIFT_VERSION = 5.0;
			};
			name = Debug;
		};
		D3BA958F2D9D753400FAF4A2 /* Release */ = {
			isa = XCBuildConfiguration;
			baseConfigurationReference = 5BABA0E0E129553F626097AC /* SampleCode.xcconfig */;
			buildSettings = {
				CODE_SIGN_ENTITLEMENTS = SMBKeepAppEx/SMBKeepAppEx.entitlements;
				CODE_SIGN_IDENTITY = "Mac Developer";
				CODE_SIGN_STYLE = Automatic;
				CURRENT_PROJECT_VERSION = 1;
				DEVELOPMENT_TEAM = LD9DHUY7M9;
				ENABLE_USER_SCRIPT_SANDBOXING = YES;
				GENERATE_INFOPLIST_FILE = YES;
				INFOPLIST_FILE = SMBKeepAppEx/Info.plist;
				INFOPLIST_KEY_CFBundleDisplayName = "SMBKeep file system";
				INFOPLIST_KEY_NSHumanReadableCopyright = "";
				LD_RUNPATH_SEARCH_PATHS = (
					"$(inherited)",
					"@executable_path/../Frameworks",
					"@executable_path/../../../../Frameworks",
				);
				MACOSX_DEPLOYMENT_TARGET = 26.0;
				MARKETING_VERSION = 1.0;
				PRODUCT_BUNDLE_IDENTIFIER = "com.example.apple-samplecode.SMBKeep${SAMPLE_CODE_DISAMBIGUATOR}.AppEx";
				PRODUCT_NAME = "$(TARGET_NAME)";
				PROVISIONING_PROFILE_SPECIFIER = "";
				SKIP_INSTALL = YES;
				SWIFT_EMIT_LOC_STRINGS = YES;
				SWIFT_VERSION = 5.0;
			};
			name = Release;
		};
/* End XCBuildConfiguration section */

/* Begin XCConfigurationList section */
		D3BA95692D9D74FC00FAF4A2 /* Build configuration list for PBXProject "SMBKeep" */ = {
			isa = XCConfigurationList;
			buildConfigurations = (
				D3BA95782D9D74FD00FAF4A2 /* Debug */,
				D3BA95792D9D74FD00FAF4A2 /* Release */,
			);
			defaultConfigurationIsVisible = 0;
			defaultConfigurationName = Release;
		};
		D3BA957A2D9D74FD00FAF4A2 /* Build configuration list for PBXNativeTarget "SMBKeep" */ = {
			isa = XCConfigurationList;
			buildConfigurations = (
				D3BA957B2D9D74FD00FAF4A2 /* Debug */,
				D3BA957C2D9D74FD00FAF4A2 /* Release */,
			);
			defaultConfigurationIsVisible = 0;
			defaultConfigurationName = Release;
		};
		D3BA958D2D9D753400FAF4A2 /* Build configuration list for PBXNativeTarget "SMBKeepAppEx" */ = {
			isa = XCConfigurationList;
			buildConfigurations = (
				D3BA958E2D9D753400FAF4A2 /* Debug */,
				D3BA958F2D9D753400FAF4A2 /* Release */,
			);
			defaultConfigurationIsVisible = 0;
			defaultConfigurationName = Release;
		};
/* End XCConfigurationList section */

/* Begin XCLocalSwiftPackageReference section */
		SMB2PKG00032D9D760000FAF4A2 /* XCLocalSwiftPackageReference ".deps/AMSMB2" */ = {
			isa = XCLocalSwiftPackageReference;
			relativePath = .deps/AMSMB2;
		};
/* End XCLocalSwiftPackageReference section */

/* Begin XCSwiftPackageProductDependency section */
		SMB2PKG00022D9D760000FAF4A2 /* libsmb2 */ = {
			isa = XCSwiftPackageProductDependency;
			package = SMB2PKG00032D9D760000FAF4A2 /* XCLocalSwiftPackageReference ".deps/AMSMB2" */;
			productName = libsmb2;
		};
/* End XCSwiftPackageProductDependency section */
	};
	rootObject = D3BA95662D9D74FC00FAF4A2 /* Project object */;
}
